ab66dddf79e9a9134a9758a98709f090f6f399fb5f6cb7de93d8327ccff6d78f  migrate-001-alerts.sql
4ff03c7b65fcee295dc0fcdf72c6b0def61dfca76018fea6422d10f88d0177ce  migrate-002-service-checks.sql
3d5609581a959ab25107031277178f69ae07f77c37fd1a7273559ff6d79d60f6  migrate-003-subscriptions.sql
b5f67dd530dad764d8873534d76555e02acb3f1dce8fb21b215d62533f355f62  migrate-004-snmp-clickhouse.sql
d1a31a15bdf5539c798b4822ccf2eeebb1d0ba2d5b8bf348ca801410e74b0652  migrate-004-snmp.sql
00d0c93171445250ee7295def193f4af504d742be9c65cfd0b99c5d2b4691813  migrate-005-snmp-discovery.sql
271a7e2e5f54fc0c91076a8c1efd3f9d6bdc3263317a22970090368392e9d507  migrate-006-services-v2-clickhouse.sql
12acd2f87031ae6e7ab7e78ab6e49e67b6b3663516acc8da0bf03eaed04dca73  migrate-006-services-v2.sql
10a655ae11b95d5a6e65884877812123b700ef78a7c532f5347334336bb5a371  migrate-007-multi-status.sql
94243ec26daec85d4a35c0962f014c16b0d58c98129590f9a70d99165a4adfc6  migrate-008-sensors.sql
93995a776a0d3760aedfb4970fa232e0c4339c4ef8f947fb177ef0ab142d3953  migrate-009-snmp-credential-link.sql
1e5c61df81fed8f9757c41835a33a17424025e13bd63cf70fc362ab1497e229b  migrate-010-audit-logs.sql
27c1eccd76b8ccaa68ed1c41375f3841b5e54ffe35e1a090fcbd709278cbd0ab  migrate-011-activity-rollups-clickhouse.sql
3976ebeeb968f65ff05c711a5b2d768496efbec15671574c5324702bf67f9fdd  migrate-012-ping-rollups-clickhouse.sql
1c0657aef1e66f82c8c0e7d9017f8c3cd79593ea9639620c7bef20b90224a004  migrate-013-notification-gateways.sql
177c938d373e96298fed9ce3364f3ed4a7be713d9cd5228a8b5dea27ce2ac6ea  migrate-014-topology-dependencies.sql
93eb66dc030b176f0c724280854aa8890dce9aa4a93e3260805c10fd1832e1f4  migrate-015-manual-maps.sql
f86be24fc4d91bd3f96c6afc03a5f02c18410905fb5d902e3d7011debec047f6  migrate-016-server-monitoring-clickhouse.sql
d4eb275db8721d6133a58b98d2a2e9cbd161a0b93c29ac5356619cfd9463bbe2  migrate-016-server-monitoring.sql
a24b4526c3d4db02184bd0d9fb28d0448233609170a4ce1077f75b93b22a47d6  migrate-016-snmp-credentials-table.sql
0212940cdb15a5c1e08b51b7b551777285c8cede07e5e322ffcf09e7295bd427  migrate-017-discovery-v2.sql
5f6d4d1eda8dfc1afcb15b4e696d14bcdb6e1f63402210f5e783d5278db9ed9b  migrate-018-discovery-windows-creds.sql
2b61d5b8c8cd9bf2639f258cb4e262208c4974270092c0a560bcb2bcf27e3bad  migrate-019-manual-map-shapes.sql
fb4c8158548c8d7a8399839ad5482f9c42453e0125ebabf340ebfa786d62cdb8  migrate-020-manual-map-styling.sql
6fbef2a06f5a2979e96cf9bd05bcb3a8fae9b21b81813c70d40d159a05af0015  migrate-20260506-netflow-clickhouse.sql
