ab66dddf79e9a9134a9758a98709f090f6f399fb5f6cb7de93d8327ccff6d78f  migrate-001-alerts.sql
4ff03c7b65fcee295dc0fcdf72c6b0def61dfca76018fea6422d10f88d0177ce  migrate-002-service-checks.sql
3d5609581a959ab25107031277178f69ae07f77c37fd1a7273559ff6d79d60f6  migrate-003-subscriptions.sql
b5f67dd530dad764d8873534d76555e02acb3f1dce8fb21b215d62533f355f62  migrate-004-snmp-clickhouse.sql
1d86687099cc0ca8388384d86b23494490457d0f953a96a10a03e0c89439fe0d  migrate-004-snmp.sql
00d0c93171445250ee7295def193f4af504d742be9c65cfd0b99c5d2b4691813  migrate-005-snmp-discovery.sql
271a7e2e5f54fc0c91076a8c1efd3f9d6bdc3263317a22970090368392e9d507  migrate-006-services-v2-clickhouse.sql
e410145a93d6f6c8e0b6c40747d50c671f66158b177f1d8fb5c8eec8941a8cf2  migrate-006-services-v2.sql
10a655ae11b95d5a6e65884877812123b700ef78a7c532f5347334336bb5a371  migrate-007-multi-status.sql
94243ec26daec85d4a35c0962f014c16b0d58c98129590f9a70d99165a4adfc6  migrate-008-sensors.sql
93995a776a0d3760aedfb4970fa232e0c4339c4ef8f947fb177ef0ab142d3953  migrate-009-snmp-credential-link.sql
1e5c61df81fed8f9757c41835a33a17424025e13bd63cf70fc362ab1497e229b  migrate-010-audit-logs.sql
27c1eccd76b8ccaa68ed1c41375f3841b5e54ffe35e1a090fcbd709278cbd0ab  migrate-011-activity-rollups-clickhouse.sql
3976ebeeb968f65ff05c711a5b2d768496efbec15671574c5324702bf67f9fdd  migrate-012-ping-rollups-clickhouse.sql
1c0657aef1e66f82c8c0e7d9017f8c3cd79593ea9639620c7bef20b90224a004  migrate-013-notification-gateways.sql
177c938d373e96298fed9ce3364f3ed4a7be713d9cd5228a8b5dea27ce2ac6ea  migrate-014-topology-dependencies.sql
93eb66dc030b176f0c724280854aa8890dce9aa4a93e3260805c10fd1832e1f4  migrate-015-manual-maps.sql
f86be24fc4d91bd3f96c6afc03a5f02c18410905fb5d902e3d7011debec047f6  migrate-016-server-monitoring-clickhouse.sql
d4eb275db8721d6133a58b98d2a2e9cbd161a0b93c29ac5356619cfd9463bbe2  migrate-016-server-monitoring.sql
a24b4526c3d4db02184bd0d9fb28d0448233609170a4ce1077f75b93b22a47d6  migrate-016-snmp-credentials-table.sql
0212940cdb15a5c1e08b51b7b551777285c8cede07e5e322ffcf09e7295bd427  migrate-017-discovery-v2.sql
5f6d4d1eda8dfc1afcb15b4e696d14bcdb6e1f63402210f5e783d5278db9ed9b  migrate-018-discovery-windows-creds.sql
2b61d5b8c8cd9bf2639f258cb4e262208c4974270092c0a560bcb2bcf27e3bad  migrate-019-manual-map-shapes.sql
fb4c8158548c8d7a8399839ad5482f9c42453e0125ebabf340ebfa786d62cdb8  migrate-020-manual-map-styling.sql
f2bb29051c7ffb17db408b607679a5fa0a84806a62614ffdd642c232c1a5335b  migrate-021-alert-multi-condition.sql
c7d817146df926d2d588f3306a44678d38511b3d993d03d6c02a131aade8cab9  migrate-022-alert-trap-oid.sql
f2a4f1217ac148f415beaacefc3f4cae57f0fc9506a75a0705f2d0e3ab2277bb  migrate-023-ncm.sql
d80bd14b3f721e62dcb141f19947af97309905fefd7378d1aee205dd3ba92b8d  migrate-024-ncm-credentials.sql
00158d8da5b82792a7913950ce14ed5d977f39d18049760f2efd9f196cd42357  migrate-025-ncm-schedule.sql
05bb99fcba7a661a1001b4e887b97472e0a92fbb38b51b615b5551451b06517a  migrate-026-ncm-change-alert.sql
7c654a1c75a02d174dd8455f98378da04200c3fe76468a7ea90e74123cb9e42f  migrate-027-ncm-normhash.sql
74d934444d41b3f51c4ce8947fb1c2471ae8b36ff87f545d554294ce13522c14  migrate-028-ncm-retention-schedule.sql
d843430c92158ab259a53fab589cc1a3d183dc7ad2c1064f2c87c19be2d75c8b  migrate-029-ncm-version-ischange.sql
933295b604f0b431aea3ce33d7f43b3a5dfa20e0f6d9e97736eab6bc31b32a0a  migrate-030-host-metrics-clickhouse.sql
f1f3a154f4bca056de638cc3e10b415242b1ae57dc8ccef6b1fcefd45b598b3d  migrate-030-manual-map-multi-links.sql
ba2bbc72a0bcf4db4a260dcca69896626930a6b2ac3cb7f658648dd2a8dd6934  migrate-030-server-monitoring.sql
ae1b2c29333fee2d407d4935cac949972aa434af98a261d379bccfab1e2836fc  migrate-031-discovery-server-import.sql
4f5b6d0316bd1c4f554812af8a9ad61b0894740508ed55993e7ba02350cd0eae  migrate-031-manual-map-duplicate-devices.sql
f5835d2aff12e556d8414beb8638b029d5a7f90a669075c5da4cbbfcb2784755  migrate-032-discovery-ssh-creds.sql
405588ec0d35fb66a9f78e8a4bfb02eefe2c2fbad8b78cb884ff67a917aeae89  migrate-033-interface-configured-speed.sql
3b334b2f7dd3e3a7e2371ef414e06f1fe2c79294ee5a4cff8048c6755174d772  migrate-034-server-agentless-credentials.sql
45db205ca6a09d76cf721d0b90c67adb7212430aa4ad09cbc4e6bda07eddf691  migrate-035-host-alert-rules.sql
cbdd667ea2d342c6cf337b0c0510011d722ecd30dd75102fb1c9eb87f270d389  migrate-036-alert-silences.sql
8737b350a079e3edf173bbda0f270205f06af37d567e799c0c2cfc45757800ee  migrate-037-network-alert-rules.sql
c38c91baf4e78f41022c081b3637ff1765d410859a86a537168a1bac33812ada  migrate-038-report-schedules.sql
3ec01d52211fc4e4b000d1e37745c23d24eb470a5143aa6c48d9ba16bfc6b84b  migrate-039-apm-clickhouse.sql
0e9fc44c5d3f9ec41ba7c7927fd9dad3eaf9dac371d0d449024f9da6b5080afc  migrate-039-apm.sql
5b7227337334632719cb12049afbcf8ff6f8c54a886a9cf82847d6daeb643f60  migrate-040-alert-metric-constraint.sql
3e3148239261c53adfef067261837d2dc3a4dc84255834b723b75a7b3a130666  migrate-041-agent-clock-skew.sql
72a48fef576633ea2ff1e0e3d62155a784cc5c8e302619dd6e595f8d582916ad  migrate-042-server-uptime.sql
9e59a2041f263f4112c5b329c7fd03a3dd044b10da6a68f92d0b02f92dcb0eb7  migrate-043-device-alert-silences.sql
96ef7959e800e0cacad5ba4e54b78b62c7d1c750257d13a51457e260befdb9e8  migrate-043-network-capture.sql
a51e07625f90e5a51b8288abe257c94f8e6a3462111fc1b313fb171f15eb2c01  migrate-044-network-capture-command.sql
f0a862a589c1ea36ec6f95536973412206e61c678548033d4f424788363ad763  migrate-045-network-capture-clickhouse.sql
fead5e06b4e4b12808e7c0d9d40fb46682507889b5e333896606217f2c8df40a  migrate-046-network-capture-single-active.sql
69d333b99a3e44bf8f3aaaa10c2d170b6ca0704da3d8d8efaabeaf9c24d860fa  migrate-047-network-capture-lifecycle.sql
9618720b5d3f6e218910d853d61382b591993076f877b78033ecddd0e6daef8e  migrate-048-network-capture-traffic-clickhouse.sql
11a351809d3072dbe011c8050974f992500650cfa2717f9800e5412e86a5303f  migrate-049-agent-enrollment-claims.sql
0ebacb91d8fb0968b30c83914f1b44854bafe0d31da00798d12f6498ba0c3b98  migrate-050-network-capture-retention.sql
8ef518446e8f12177510a4eef9921ea2f3a81d0428c8ef047a448f5e7b83de49  migrate-051-network-capture-flow-classification-clickhouse.sql
6fbef2a06f5a2979e96cf9bd05bcb3a8fae9b21b81813c70d40d159a05af0015  migrate-20260506-netflow-clickhouse.sql
