ab66dddf79e9a9134a9758a98709f090f6f399fb5f6cb7de93d8327ccff6d78f  migrate-001-alerts.sql
4ff03c7b65fcee295dc0fcdf72c6b0def61dfca76018fea6422d10f88d0177ce  migrate-002-service-checks.sql
3d5609581a959ab25107031277178f69ae07f77c37fd1a7273559ff6d79d60f6  migrate-003-subscriptions.sql
b5f67dd530dad764d8873534d76555e02acb3f1dce8fb21b215d62533f355f62  migrate-004-snmp-clickhouse.sql
1d86687099cc0ca8388384d86b23494490457d0f953a96a10a03e0c89439fe0d  migrate-004-snmp.sql
00d0c93171445250ee7295def193f4af504d742be9c65cfd0b99c5d2b4691813  migrate-005-snmp-discovery.sql
271a7e2e5f54fc0c91076a8c1efd3f9d6bdc3263317a22970090368392e9d507  migrate-006-services-v2-clickhouse.sql
e410145a93d6f6c8e0b6c40747d50c671f66158b177f1d8fb5c8eec8941a8cf2  migrate-006-services-v2.sql
10a655ae11b95d5a6e65884877812123b700ef78a7c532f5347334336bb5a371  migrate-007-multi-status.sql
94243ec26daec85d4a35c0962f014c16b0d58c98129590f9a70d99165a4adfc6  migrate-008-sensors.sql
93995a776a0d3760aedfb4970fa232e0c4339c4ef8f947fb177ef0ab142d3953  migrate-009-snmp-credential-link.sql
1e5c61df81fed8f9757c41835a33a17424025e13bd63cf70fc362ab1497e229b  migrate-010-audit-logs.sql
27c1eccd76b8ccaa68ed1c41375f3841b5e54ffe35e1a090fcbd709278cbd0ab  migrate-011-activity-rollups-clickhouse.sql
3976ebeeb968f65ff05c711a5b2d768496efbec15671574c5324702bf67f9fdd  migrate-012-ping-rollups-clickhouse.sql
1c0657aef1e66f82c8c0e7d9017f8c3cd79593ea9639620c7bef20b90224a004  migrate-013-notification-gateways.sql
177c938d373e96298fed9ce3364f3ed4a7be713d9cd5228a8b5dea27ce2ac6ea  migrate-014-topology-dependencies.sql
93eb66dc030b176f0c724280854aa8890dce9aa4a93e3260805c10fd1832e1f4  migrate-015-manual-maps.sql
f86be24fc4d91bd3f96c6afc03a5f02c18410905fb5d902e3d7011debec047f6  migrate-016-server-monitoring-clickhouse.sql
d4eb275db8721d6133a58b98d2a2e9cbd161a0b93c29ac5356619cfd9463bbe2  migrate-016-server-monitoring.sql
a24b4526c3d4db02184bd0d9fb28d0448233609170a4ce1077f75b93b22a47d6  migrate-016-snmp-credentials-table.sql
0212940cdb15a5c1e08b51b7b551777285c8cede07e5e322ffcf09e7295bd427  migrate-017-discovery-v2.sql
5f6d4d1eda8dfc1afcb15b4e696d14bcdb6e1f63402210f5e783d5278db9ed9b  migrate-018-discovery-windows-creds.sql
2b61d5b8c8cd9bf2639f258cb4e262208c4974270092c0a560bcb2bcf27e3bad  migrate-019-manual-map-shapes.sql
fb4c8158548c8d7a8399839ad5482f9c42453e0125ebabf340ebfa786d62cdb8  migrate-020-manual-map-styling.sql
f2bb29051c7ffb17db408b607679a5fa0a84806a62614ffdd642c232c1a5335b  migrate-021-alert-multi-condition.sql
c7d817146df926d2d588f3306a44678d38511b3d993d03d6c02a131aade8cab9  migrate-022-alert-trap-oid.sql
f2a4f1217ac148f415beaacefc3f4cae57f0fc9506a75a0705f2d0e3ab2277bb  migrate-023-ncm.sql
d80bd14b3f721e62dcb141f19947af97309905fefd7378d1aee205dd3ba92b8d  migrate-024-ncm-credentials.sql
00158d8da5b82792a7913950ce14ed5d977f39d18049760f2efd9f196cd42357  migrate-025-ncm-schedule.sql
05bb99fcba7a661a1001b4e887b97472e0a92fbb38b51b615b5551451b06517a  migrate-026-ncm-change-alert.sql
7c654a1c75a02d174dd8455f98378da04200c3fe76468a7ea90e74123cb9e42f  migrate-027-ncm-normhash.sql
74d934444d41b3f51c4ce8947fb1c2471ae8b36ff87f545d554294ce13522c14  migrate-028-ncm-retention-schedule.sql
d843430c92158ab259a53fab589cc1a3d183dc7ad2c1064f2c87c19be2d75c8b  migrate-029-ncm-version-ischange.sql
933295b604f0b431aea3ce33d7f43b3a5dfa20e0f6d9e97736eab6bc31b32a0a  migrate-030-host-metrics-clickhouse.sql
f1f3a154f4bca056de638cc3e10b415242b1ae57dc8ccef6b1fcefd45b598b3d  migrate-030-manual-map-multi-links.sql
ba2bbc72a0bcf4db4a260dcca69896626930a6b2ac3cb7f658648dd2a8dd6934  migrate-030-server-monitoring.sql
ae1b2c29333fee2d407d4935cac949972aa434af98a261d379bccfab1e2836fc  migrate-031-discovery-server-import.sql
4f5b6d0316bd1c4f554812af8a9ad61b0894740508ed55993e7ba02350cd0eae  migrate-031-manual-map-duplicate-devices.sql
f5835d2aff12e556d8414beb8638b029d5a7f90a669075c5da4cbbfcb2784755  migrate-032-discovery-ssh-creds.sql
405588ec0d35fb66a9f78e8a4bfb02eefe2c2fbad8b78cb884ff67a917aeae89  migrate-033-interface-configured-speed.sql
3b334b2f7dd3e3a7e2371ef414e06f1fe2c79294ee5a4cff8048c6755174d772  migrate-034-server-agentless-credentials.sql
45db205ca6a09d76cf721d0b90c67adb7212430aa4ad09cbc4e6bda07eddf691  migrate-035-host-alert-rules.sql
cbdd667ea2d342c6cf337b0c0510011d722ecd30dd75102fb1c9eb87f270d389  migrate-036-alert-silences.sql
8737b350a079e3edf173bbda0f270205f06af37d567e799c0c2cfc45757800ee  migrate-037-network-alert-rules.sql
c38c91baf4e78f41022c081b3637ff1765d410859a86a537168a1bac33812ada  migrate-038-report-schedules.sql
3ec01d52211fc4e4b000d1e37745c23d24eb470a5143aa6c48d9ba16bfc6b84b  migrate-039-apm-clickhouse.sql
0e9fc44c5d3f9ec41ba7c7927fd9dad3eaf9dac371d0d449024f9da6b5080afc  migrate-039-apm.sql
5b7227337334632719cb12049afbcf8ff6f8c54a886a9cf82847d6daeb643f60  migrate-040-alert-metric-constraint.sql
3e3148239261c53adfef067261837d2dc3a4dc84255834b723b75a7b3a130666  migrate-041-agent-clock-skew.sql
72a48fef576633ea2ff1e0e3d62155a784cc5c8e302619dd6e595f8d582916ad  migrate-042-server-uptime.sql
9e59a2041f263f4112c5b329c7fd03a3dd044b10da6a68f92d0b02f92dcb0eb7  migrate-043-device-alert-silences.sql
96ef7959e800e0cacad5ba4e54b78b62c7d1c750257d13a51457e260befdb9e8  migrate-043-network-capture.sql
a51e07625f90e5a51b8288abe257c94f8e6a3462111fc1b313fb171f15eb2c01  migrate-044-network-capture-command.sql
f0a862a589c1ea36ec6f95536973412206e61c678548033d4f424788363ad763  migrate-045-network-capture-clickhouse.sql
fead5e06b4e4b12808e7c0d9d40fb46682507889b5e333896606217f2c8df40a  migrate-046-network-capture-single-active.sql
69d333b99a3e44bf8f3aaaa10c2d170b6ca0704da3d8d8efaabeaf9c24d860fa  migrate-047-network-capture-lifecycle.sql
9618720b5d3f6e218910d853d61382b591993076f877b78033ecddd0e6daef8e  migrate-048-network-capture-traffic-clickhouse.sql
11a351809d3072dbe011c8050974f992500650cfa2717f9800e5412e86a5303f  migrate-049-agent-enrollment-claims.sql
0ebacb91d8fb0968b30c83914f1b44854bafe0d31da00798d12f6498ba0c3b98  migrate-050-network-capture-retention.sql
8ef518446e8f12177510a4eef9921ea2f3a81d0428c8ef047a448f5e7b83de49  migrate-051-network-capture-flow-classification-clickhouse.sql
1a36a6242f03e9a85cfa37cba7a6b2f2a6eb43688cb773f7ef6d89e5f1866270  migrate-052-netflow-saved-views.sql
32fb3e3fd3ff9ab5853ca450d0608040b39713df0b497daa6e1bb496963069de  migrate-053-device-maintenance.sql
d1246b9d42312714887a5e70637c7ff19e35f3854dcc22c3fe99fbc0e1e3b352  migrate-054-netflow-exporter-devices.sql
7873fa103deb488b9b0a471dccd96600a7e4e65adea6232550f14775c52147ca  migrate-055-agent-apm.sql
ab645ff338aeaa89f086e5d2d6537dc821b0e03bcffbe3dcbf2522a6270e3eae  migrate-056-agent-authorization.sql
c0cc04c51adecfb577a5c52149b8b29c057d40516833808e463746d471fca2b4  migrate-057-storage-management.sql
fb2d1308dc9f9036b7f4997c4fab3a8f9c547faad9ee7df56dbdf13d400ce3d4  migrate-058-apm-synthetics-clickhouse.sql
81cf4e99344972a4dba780d9f8f5766ebb6c39784c93e9eb171f2b9770f5fab4  migrate-059-report-engine.sql
f8b7ca8b9995e73acb150993fac367bee751670df245df9bd26c44ac1821b40f  migrate-060-udt.sql
058e7b8474ca4f96f4b1320590bc631f23b4b5c2ecbdebd27362edb0223b6d4c  migrate-061-udt-manual-overrides.sql
dcba177953346a997a40851a431dfe4bfd0fa7cd3976c0a20094da074112ed79  migrate-062-monitoring-templates.sql
e8ced2f1be7873d9ad4d25ce705013bd983fdd479e7dea722e093addda5d57eb  migrate-063-templates-juniper-aruba.sql
6fbef2a06f5a2979e96cf9bd05bcb3a8fae9b21b81813c70d40d159a05af0015  migrate-20260506-netflow-clickhouse.sql
cb26b48b5b2bc14dc31faf668c7ab0e6ab413ed7f2649a654444b18b2ce3c926  migrate-064-retire-legacy-template-stubs.sql
0ef979d5434c9a7ec4cbaa7cd5b95bf1bfe2905041fbadc6a35afc0bf46aed54  migrate-065-udt-device-settings.sql
7e3be773083f93a1d64f3fe94dbff2fb8c15f1c19f5fbb0287e70b027f440e53  migrate-066-device-test-runs.sql
b80e67891402a89d78e2b92effd7f4cd013ec9c6aee445af3388dd3dc4d9e9da  migrate-067-tag-registry.sql
4b3651dbd8cec283f596990edfff3660bd578394e68e1e7b9eee816fd3217a24  migrate-068-link-favorites.sql
668e06af05d4246cb8e827d188684beb3279107bbf06c6cb80c4db9df3424c58  migrate-069-managed-child-devices.sql
a9a1cbc8bcdfff2059f0c4c893f1eb64ebc3c2f0ca43b2ddbb9fbd7cb74831c3  migrate-070-udt-classification.sql
c9af7fa814105ae9f114b21bca95ec9eaab1a1e53c3f15056df4624ca807e85d  migrate-071-flow-conversations-rollup-clickhouse.sql
b02dcaa74bfe12a1c81cdd2c06cfc1f662b18df06d54b2930c658324c685ea3a  migrate-072-flow-qos-rollup-clickhouse.sql
bd0a6ac7db359c549a54cc673ce738ddb14453ed68cfd1d18f1e3f45657488a1  migrate-073-alert-metric-constraint-canonical.sql
87896f556902e3280a682d97bef3420aafec8ab6d5592deb432e4db7d5aeeb6d  migrate-074-rbac-roles.sql
ef59901f97d97149a65c55a3162121f49f6a7aded9dafd8ba1d89467fb612ceb  migrate-075-netpath.sql
286407b67a92b6dec3dd43be0e498eb79523c0431e922c6282e2eacbbecd6939  migrate-076-netpath-alert-metrics.sql
b185b2639c360b8695cd75a8eff14478282a81c741d1081e25a06e895fea8fb3  migrate-077-alert-rule-tag-scope.sql
e283b7b3836668b28d38611e72e56e777e097b217e7d302d47875a855ff74784  migrate-078-windows-credential-dc-host.sql
169df2e8cef9966a2aecfb442b54cf51bb5ef5843aa635e1c8d7e9cf82b4e63f  migrate-079-interface-tags.sql
0d4eec1c3c666f768086b771457184d97b61c9e2ddb4e723c55fcd7e618e4c6b  migrate-080-snmp-network-device-coverage.sql
6c2b688b788db97c5750ae5bf27dbd4ffe92e297b889a09f81728da3bf7f5804  migrate-081-preserve-mikrotik-monitoring-profile.sql
3c25065cf1c66aceace4876a6a40576a3340ea48f9a06afca108e056e3773948  migrate-082-service-auth-workflows.sql
734710126e5ee7acdc9aa47ce5f39bb6004ad98d269e356ad3cf92ff6cf1a2ae  migrate-083-service-http-tls-policy.sql
5d2ce2490bdcc54e3e6b92f0c957f790b06bc6a9020380df36c47ea426b4480a  migrate-083-service-ntlm-credentials.sql
fbcbca789311e63e26e43daaeb2bd60f7d3a0a9bb52a114a7d9eb8eff38bbe02  migrate-084-service-trusted-http-auth.sql
610a30d7c056e86f7daa1d713eeae1375a12570b03be6aace2749b9e03686f05  migrate-085-apm-agent-p2.sql
761f21f58ed5f7af4b52be95eec933f49e05920cf66cfed4cb3d4444ecaa9483  migrate-086-apm-p3-clickhouse.sql
27b75b47bb468423760aa48c2e7b679a159eada8a2c9ad0bc04ef46c037f1801  migrate-087-agent-registration-conflicts.sql
b8d6c942a48a6aea1d5155fb29a8d409d257a53f0f0d6e0b6d7fed02d69894ea  migrate-088-agent-host-result-batches.sql
6d4fcb9b8648abf41dbf1ad179ee1626af15311610e55b0ba52f392b68b3644e  migrate-089-agent-hardware-process-inventory.sql
c7bb4bb8993668dac70a6ba778b8ea33d954c57809a7d72c14cadae3c5988b46  migrate-090-agent-process-enrichment-clickhouse.sql
ddc74d3e22f135f26f3eb02235bf1b8308aeb67bd88a8104f100554e8c0f0f20  migrate-091-agent-clone-resolutions.sql
8c5c07074218a75d93c35e038e1d4bc0bf97271eeb1949730a83adf4c7b41370  migrate-092-agent-command-check-canonical.sql
282cfe205768be95be3b623cab0734aa50faf159a3dc9f9bdc166fb4118d7373  migrate-093-manual-map-webhooks.sql
dd55a4d99a4cc05d4395e22c258aa5501caf1c281bc4c39002b7e670adaaf87d  migrate-094-host-metric-insert-dedup-clickhouse.sql
f49dcbf316ef642ae54738e3a3c2a525aec4852ca665901e568c6fd234bf5e9a  migrate-095-rum-production.sql
e71f28a939499f70c11ae61371fc505a48cacf9f0e38e03bda5d9fa6b74fa088  migrate-096-rum-production-clickhouse.sql
2a8627dd22542aedc47a6d2dce9396af263524707d3fb37026b3e9054b2b33a8  migrate-097-rum-alert-metrics.sql
ba6755a745984a4a6c24f6810fb7184a364e6339757c121ec0261abcf32696b8  migrate-098-rum-client-ip-and-span-retention-clickhouse.sql
967b7665d688c0bef6942727a884e30f832bcee36677a3c94d547e383d546026  migrate-099-fix-service-metrics-5m-mv-clickhouse.sql
b3d8731ff2b17a14aa66129407eed6cfa2dcb1f5b1b4bc4e1683b05edb0d96d1  migrate-100-alert-escalations.sql
359a5f6cf516d080f254bc28beb4e3ed8d4977973ec63773b4ac2da2a39a50c3  migrate-101-apm-rum-key-recall.sql
340bd682b5831cad7aa043d868e13d2f511237046c22db8364c9b4186d1b12c2  migrate-102-rum-request-timing-clickhouse.sql
bad42e05fa26b949106194ad7f2ec78efe9f596ced9b7b26e836194412e6b7c2  migrate-103-alert-pending-status.sql
d0802ed79acb2517d35e070b69fba38ea5aafe2ca74049829de62ac77d06fea0  migrate-104-tag-visibility-scoping.sql
